
Microsoft Visual Studio Solution File, Format Version 12.00
# Visual Studio Version 16
VisualStudioVersion = 16.0.32602.291
MinimumVisualStudioVersion = 10.0.40219.1
Project("{FAE04EC0-301F-11D3-BF4B-00C04F79EFBC}") = "SF_Module17", "SF_Module17\SF_Module17.csproj", "{9EBA314D-BD9F-4419-A4D1-A43B73753CDB}"
EndProject
Global
	GlobalSection(SolutionConfigurationPlatforms) = preSolution
		Debug|Any CPU = Debug|Any CPU
		Release|Any CPU = Release|Any CPU
	EndGlobalSection
	GlobalSection(ProjectConfigurationPlatforms) = postSolution
		{9EBA314D-BD9F-4419-A4D1-A43B73753CDB}.Debug|Any CPU.ActiveCfg = Debug|Any CPU
		{9EBA314D-BD9F-4419-A4D1-A43B73753CDB}.Debug|Any CPU.Build.0 = Debug|Any CPU
		{9EBA314D-BD9F-4419-A4D1-A43B73753CDB}.Release|Any CPU.ActiveCfg = Release|Any CPU
		{9EBA314D-BD9F-4419-A4D1-A43B73753CDB}.Release|Any CPU.Build.0 = Release|Any CPU
	EndGlobalSection
	GlobalSection(SolutionProperties) = preSolution
		HideSolutionNode = FALSE
	EndGlobalSection
	GlobalSection(ExtensibilityGlobals) = postSolution
		SolutionGuid = {98F42CB7-1FAD-490C-BDB4-EEB4629B8F86}
	EndGlobalSection
EndGlobal
